
Microsoft Visual Studio Solution File, Format Version 12.00
# Visual Studio Version 16
VisualStudioVersion = 16.0.31112.23
MinimumVisualStudioVersion = 10.0.40219.1
Project("{FAE04EC0-301F-11D3-BF4B-00C04F79EFBC}") = "TestBooksJsonFile", "TestBooksJsonFile\TestBooksJsonFile.csproj", "{05551AFE-17C5-4E43-B15D-82D17113DC46}"
EndProject
Global
	GlobalSection(SolutionConfigurationPlatforms) = preSolution
		Debug|Any CPU = Debug|Any CPU
		Release|Any CPU = Release|Any CPU
	EndGlobalSection
	GlobalSection(ProjectConfigurationPlatforms) = postSolution
		{05551AFE-17C5-4E43-B15D-82D17113DC46}.Debug|Any CPU.ActiveCfg = Debug|Any CPU
		{05551AFE-17C5-4E43-B15D-82D17113DC46}.Debug|Any CPU.Build.0 = Debug|Any CPU
		{05551AFE-17C5-4E43-B15D-82D17113DC46}.Release|Any CPU.ActiveCfg = Release|Any CPU
		{05551AFE-17C5-4E43-B15D-82D17113DC46}.Release|Any CPU.Build.0 = Release|Any CPU
	EndGlobalSection
	GlobalSection(SolutionProperties) = preSolution
		HideSolutionNode = FALSE
	EndGlobalSection
	GlobalSection(ExtensibilityGlobals) = postSolution
		SolutionGuid = {A78349C9-7B7E-4133-92FB-7C758A2CE8A3}
	EndGlobalSection
EndGlobal
